
Microsoft Visual Studio Solution File, Format Version 12.00
# Visual Studio Version 17
VisualStudioVersion = 17.11.35303.130
MinimumVisualStudioVersion = 10.0.40219.1
Project("{2150E333-8FDC-42A3-9474-1A3956D46DE8}") = "Task0", "Task0", "{F3AA0225-9BFD-43F7-8C87-A68E60E1FDEA}"
EndProject
Project("{9A19103F-16F7-4668-BE54-9A1E7A4F7556}") = "Tyuiu.DanilovAS.Sprint4.Task0.V1", "Tyuiu.DanilovAS.Sprint4.Task0.V1\Tyuiu.DanilovAS.Sprint4.Task0.V1.csproj", "{35E1BB15-B997-46AD-BB5B-88396E57C11C}"
EndProject
Project("{9A19103F-16F7-4668-BE54-9A1E7A4F7556}") = "Tyuiu.DanilovAS.Sprint4.Task0.V1.Lib", "Tyuiu.DanilovAS.Sprint4.Task0.V1.Lib\Tyuiu.DanilovAS.Sprint4.Task0.V1.Lib.csproj", "{C4DA71C0-332A-4809-B41E-D1F54D078FD4}"
EndProject
Project("{9A19103F-16F7-4668-BE54-9A1E7A4F7556}") = "Tyuiu.DanilovAS.Sprint4.Task0.V1.Test", "Tyuiu.DanilovAS.Sprint4.Task0.V1.Test\Tyuiu.DanilovAS.Sprint4.Task0.V1.Test.csproj", "{B8CD4B07-533A-4625-B459-708ABE13A61B}"
EndProject
Project("{2150E333-8FDC-42A3-9474-1A3956D46DE8}") = "Task1", "Task1", "{1CD5132E-46E8-4A4C-80AA-D95814E5665C}"
EndProject
Project("{FAE04EC0-301F-11D3-BF4B-00C04F79EFBC}") = "Tyuiu.DanilovAS.Sprint4.Task1.V1", "Tyuiu.DanilovAS.Sprint4.Task1.V1\Tyuiu.DanilovAS.Sprint4.Task1.V1.csproj", "{42CE2FBC-F452-4725-8EA1-70FCABF95A00}"
EndProject
Project("{FAE04EC0-301F-11D3-BF4B-00C04F79EFBC}") = "Tyuiu.DanilovAS.Sprint4.Task1.V1.Lib", "Tyuiu.DanilovAS.Sprint4.Task1.V1.Lib\Tyuiu.DanilovAS.Sprint4.Task1.V1.Lib.csproj", "{7A802540-D873-4214-B84D-83AA9D1067F3}"
EndProject
Project("{FAE04EC0-301F-11D3-BF4B-00C04F79EFBC}") = "Tyuiu.DanilovAS.Sprint4.Task1.V1.Test", "Tyuiu.DanilovAS.Sprint4.Task1.V1.Test\Tyuiu.DanilovAS.Sprint4.Task1.V1.Test.csproj", "{9B31CCB3-1633-4F41-9B7D-3608FA639511}"
EndProject
Project("{2150E333-8FDC-42A3-9474-1A3956D46DE8}") = "Task2", "Task2", "{1A34DCB3-5811-4215-B0D5-8D38DFC449A4}"
EndProject
Project("{FAE04EC0-301F-11D3-BF4B-00C04F79EFBC}") = "Tyuiu.DanilovAS.Sprint4.Task2.V22", "Tyuiu.DanilovAS.Sprint4.Task2.V22\Tyuiu.DanilovAS.Sprint4.Task2.V22.csproj", "{09F16328-7EE6-42CE-84FE-87AA420D3A14}"
EndProject
Project("{FAE04EC0-301F-11D3-BF4B-00C04F79EFBC}") = "Tyuiu.DanilovAS.Sprint4.Task2.V22.Lib", "Tyuiu.DanilovAS.Sprint4.Task2.V22.Lib\Tyuiu.DanilovAS.Sprint4.Task2.V22.Lib.csproj", "{E714154C-A7A9-4AB2-88F6-8B9ABAC198B3}"
EndProject
Project("{FAE04EC0-301F-11D3-BF4B-00C04F79EFBC}") = "Tyuiu.DanilovAS.Sprint4.Task2.V22.Test", "Tyuiu.DanilovAS.Sprint4.Task2.V22.Test\Tyuiu.DanilovAS.Sprint4.Task2.V22.Test.csproj", "{CCD2472A-36AF-4ABD-AE2B-EF20A0CFDCD0}"
EndProject
Project("{2150E333-8FDC-42A3-9474-1A3956D46DE8}") = "Task3", "Task3", "{427BA382-3A49-4A30-A484-EA45236E780E}"
EndProject
Project("{FAE04EC0-301F-11D3-BF4B-00C04F79EFBC}") = "Tyuiu.DanilovAS.Sprint4.Task3.V8", "Tyuiu.DanilovAS.Sprint4.Task3.V8\Tyuiu.DanilovAS.Sprint4.Task3.V8.csproj", "{E428B406-5C4A-4FE9-91F0-19687EC8E4BB}"
EndProject
Project("{FAE04EC0-301F-11D3-BF4B-00C04F79EFBC}") = "Tyuiu.DanilovAS.Sprint4.Task3.V8.Lib", "Tyuiu.DanilovAS.Sprint4.Task3.V8.Lib\Tyuiu.DanilovAS.Sprint4.Task3.V8.Lib.csproj", "{5F7631B8-4B88-4BB7-AE60-AAAF2BCB49F8}"
EndProject
Project("{FAE04EC0-301F-11D3-BF4B-00C04F79EFBC}") = "Tyuiu.DanilovAS.Sprint4.Task3.V8.Test", "Tyuiu.DanilovAS.Sprint4.Task3.V8.Test\Tyuiu.DanilovAS.Sprint4.Task3.V8.Test.csproj", "{3B74B03A-ECAB-4C65-8440-FDCC60FD142E}"
EndProject
Project("{2150E333-8FDC-42A3-9474-1A3956D46DE8}") = "Task4", "Task4", "{DE14D1DB-0AFD-4BAD-8500-4DBCC236C93E}"
EndProject
Project("{FAE04EC0-301F-11D3-BF4B-00C04F79EFBC}") = "Tyuiu.DanilovAS.Sprint4.Task4.V21", "Tyuiu.DanilovAS.Sprint4.Task4.V21\Tyuiu.DanilovAS.Sprint4.Task4.V21.csproj", "{506AAD5C-9ABE-43E2-AEA8-6A8C5C6E6639}"
EndProject
Project("{FAE04EC0-301F-11D3-BF4B-00C04F79EFBC}") = "Tyuiu.DanilovAS.Sprint4.Task4.V21.Lib", "Tyuiu.DanilovAS.Sprint4.Task4.V21.Lib\Tyuiu.DanilovAS.Sprint4.Task4.V21.Lib.csproj", "{7305A0DD-CB90-445C-8D50-612CC7E2B9AE}"
EndProject
Project("{FAE04EC0-301F-11D3-BF4B-00C04F79EFBC}") = "Tyuiu.DanilovAS.Sprint4.Task4.V21.Test", "Tyuiu.DanilovAS.Sprint4.Task4.V21.Test\Tyuiu.DanilovAS.Sprint4.Task4.V21.Test.csproj", "{A76FD445-224C-4623-92B4-6F89D1221AAA}"
EndProject
Project("{2150E333-8FDC-42A3-9474-1A3956D46DE8}") = "Task5", "Task5", "{21EE3DC7-912A-4120-91BD-73B3B2E565C4}"
EndProject
Project("{FAE04EC0-301F-11D3-BF4B-00C04F79EFBC}") = "Tyuiu.DanilovAS.Sprint4.Task5.V8", "Tyuiu.DanilovAS.Sprint4.Task5.V8\Tyuiu.DanilovAS.Sprint4.Task5.V8.csproj", "{29A69EED-F332-4F1B-9086-A5C59F781EED}"
EndProject
Project("{FAE04EC0-301F-11D3-BF4B-00C04F79EFBC}") = "Tyuiu.DanilovAS.Sprint4.Task5.V8.Lib", "Tyuiu.DanilovAS.Sprint4.Task5.V8.Lib\Tyuiu.DanilovAS.Sprint4.Task5.V8.Lib.csproj", "{4BB63D9F-0827-4364-87A5-FBD7EE3DC05A}"
EndProject
Project("{FAE04EC0-301F-11D3-BF4B-00C04F79EFBC}") = "Tyuiu.DanilovAS.Sprint4.Task5.V8.Test", "Tyuiu.DanilovAS.Sprint4.Task5.V8.Test\Tyuiu.DanilovAS.Sprint4.Task5.V8.Test.csproj", "{F921AF8F-3BE5-4421-9388-1804AB55723F}"
EndProject
Project("{2150E333-8FDC-42A3-9474-1A3956D46DE8}") = "Task6", "Task6", "{E8EDCB78-CD22-4E6A-82E7-A2628FE13498}"
EndProject
Project("{FAE04EC0-301F-11D3-BF4B-00C04F79EFBC}") = "Tyuiu.DanilovAS.Sprint4.Task6.V11", "Tyuiu.DanilovAS.Sprint4.Task6.V11\Tyuiu.DanilovAS.Sprint4.Task6.V11.csproj", "{AEB66FF9-D667-4DE7-87E8-AAF5B07DEE9F}"
EndProject
Project("{FAE04EC0-301F-11D3-BF4B-00C04F79EFBC}") = "Tyuiu.DanilovAS.Sprint4.Task6.V11.Lib", "Tyuiu.DanilovAS.Sprint4.Task6.V11.Lib\Tyuiu.DanilovAS.Sprint4.Task6.V11.Lib.csproj", "{640ED092-8719-4387-A76B-681248B5A74C}"
EndProject
Project("{FAE04EC0-301F-11D3-BF4B-00C04F79EFBC}") = "Tyuiu.DanilovAS.Sprint4.Task6.V11.Test", "Tyuiu.DanilovAS.Sprint4.Task6.V11.Test\Tyuiu.DanilovAS.Sprint4.Task6.V11.Test.csproj", "{4A26F260-71EF-4708-9FB1-7EFA6D05C2EA}"
EndProject
Project("{2150E333-8FDC-42A3-9474-1A3956D46DE8}") = "Task7", "Task7", "{8AFDA8EB-2BCA-4A57-9F9E-024AE36959D7}"
EndProject
Project("{FAE04EC0-301F-11D3-BF4B-00C04F79EFBC}") = "Tyuiu.DanilovAS.Sprint4.Task7.V2", "Tyuiu.DanilovAS.Sprint4.Task7.V2\Tyuiu.DanilovAS.Sprint4.Task7.V2.csproj", "{223DE5A7-BB73-4A3A-803A-85A7AE96DAFC}"
EndProject
Project("{FAE04EC0-301F-11D3-BF4B-00C04F79EFBC}") = "Tyuiu.DanilovAS.Sprint4.Task7.V2.Lib", "Tyuiu.DanilovAS.Sprint4.Task7.V2.Lib\Tyuiu.DanilovAS.Sprint4.Task7.V2.Lib.csproj", "{B50224D4-8F0B-44AE-977A-D701889DFCF3}"
EndProject
Project("{FAE04EC0-301F-11D3-BF4B-00C04F79EFBC}") = "Tyuiu.DanilovAS.Sprint4.Task7.V2.Test", "Tyuiu.DanilovAS.Sprint4.Task7.V2.Test\Tyuiu.DanilovAS.Sprint4.Task7.V2.Test.csproj", "{2D392DF6-E4D8-4646-A04F-468C29AFCBC3}"
EndProject
Global
	GlobalSection(SolutionConfigurationPlatforms) = preSolution
		Debug|Any CPU = Debug|Any CPU
		Release|Any CPU = Release|Any CPU
	EndGlobalSection
	GlobalSection(ProjectConfigurationPlatforms) = postSolution
		{35E1BB15-B997-46AD-BB5B-88396E57C11C}.Debug|Any CPU.ActiveCfg = Debug|Any CPU
		{35E1BB15-B997-46AD-BB5B-88396E57C11C}.Debug|Any CPU.Build.0 = Debug|Any CPU
		{35E1BB15-B997-46AD-BB5B-88396E57C11C}.Release|Any CPU.ActiveCfg = Release|Any CPU
		{35E1BB15-B997-46AD-BB5B-88396E57C11C}.Release|Any CPU.Build.0 = Release|Any CPU
		{C4DA71C0-332A-4809-B41E-D1F54D078FD4}.Debug|Any CPU.ActiveCfg = Debug|Any CPU
		{C4DA71C0-332A-4809-B41E-D1F54D078FD4}.Debug|Any CPU.Build.0 = Debug|Any CPU
		{C4DA71C0-332A-4809-B41E-D1F54D078FD4}.Release|Any CPU.ActiveCfg = Release|Any CPU
		{C4DA71C0-332A-4809-B41E-D1F54D078FD4}.Release|Any CPU.Build.0 = Release|Any CPU
		{B8CD4B07-533A-4625-B459-708ABE13A61B}.Debug|Any CPU.ActiveCfg = Debug|Any CPU
		{B8CD4B07-533A-4625-B459-708ABE13A61B}.Debug|Any CPU.Build.0 = Debug|Any CPU
		{B8CD4B07-533A-4625-B459-708ABE13A61B}.Release|Any CPU.ActiveCfg = Release|Any CPU
		{B8CD4B07-533A-4625-B459-708ABE13A61B}.Release|Any CPU.Build.0 = Release|Any CPU
		{42CE2FBC-F452-4725-8EA1-70FCABF95A00}.Debug|Any CPU.ActiveCfg = Debug|Any CPU
		{42CE2FBC-F452-4725-8EA1-70FCABF95A00}.Debug|Any CPU.Build.0 = Debug|Any CPU
		{42CE2FBC-F452-4725-8EA1-70FCABF95A00}.Release|Any CPU.ActiveCfg = Release|Any CPU
		{42CE2FBC-F452-4725-8EA1-70FCABF95A00}.Release|Any CPU.Build.0 = Release|Any CPU
		{7A802540-D873-4214-B84D-83AA9D1067F3}.Debug|Any CPU.ActiveCfg = Debug|Any CPU
		{7A802540-D873-4214-B84D-83AA9D1067F3}.Debug|Any CPU.Build.0 = Debug|Any CPU
		{7A802540-D873-4214-B84D-83AA9D1067F3}.Release|Any CPU.ActiveCfg = Release|Any CPU
		{7A802540-D873-4214-B84D-83AA9D1067F3}.Release|Any CPU.Build.0 = Release|Any CPU
		{9B31CCB3-1633-4F41-9B7D-3608FA639511}.Debug|Any CPU.ActiveCfg = Debug|Any CPU
		{9B31CCB3-1633-4F41-9B7D-3608FA639511}.Debug|Any CPU.Build.0 = Debug|Any CPU
		{9B31CCB3-1633-4F41-9B7D-3608FA639511}.Release|Any CPU.ActiveCfg = Release|Any CPU
		{9B31CCB3-1633-4F41-9B7D-3608FA639511}.Release|Any CPU.Build.0 = Release|Any CPU
		{09F16328-7EE6-42CE-84FE-87AA420D3A14}.Debug|Any CPU.ActiveCfg = Debug|Any CPU
		{09F16328-7EE6-42CE-84FE-87AA420D3A14}.Debug|Any CPU.Build.0 = Debug|Any CPU
		{09F16328-7EE6-42CE-84FE-87AA420D3A14}.Release|Any CPU.ActiveCfg = Release|Any CPU
		{09F16328-7EE6-42CE-84FE-87AA420D3A14}.Release|Any CPU.Build.0 = Release|Any CPU
		{E714154C-A7A9-4AB2-88F6-8B9ABAC198B3}.Debug|Any CPU.ActiveCfg = Debug|Any CPU
		{E714154C-A7A9-4AB2-88F6-8B9ABAC198B3}.Debug|Any CPU.Build.0 = Debug|Any CPU
		{E714154C-A7A9-4AB2-88F6-8B9ABAC198B3}.Release|Any CPU.ActiveCfg = Release|Any CPU
		{E714154C-A7A9-4AB2-88F6-8B9ABAC198B3}.Release|Any CPU.Build.0 = Release|Any CPU
		{CCD2472A-36AF-4ABD-AE2B-EF20A0CFDCD0}.Debug|Any CPU.ActiveCfg = Debug|Any CPU
		{CCD2472A-36AF-4ABD-AE2B-EF20A0CFDCD0}.Debug|Any CPU.Build.0 = Debug|Any CPU
		{CCD2472A-36AF-4ABD-AE2B-EF20A0CFDCD0}.Release|Any CPU.ActiveCfg = Release|Any CPU
		{CCD2472A-36AF-4ABD-AE2B-EF20A0CFDCD0}.Release|Any CPU.Build.0 = Release|Any CPU
		{E428B406-5C4A-4FE9-91F0-19687EC8E4BB}.Debug|Any CPU.ActiveCfg = Debug|Any CPU
		{E428B406-5C4A-4FE9-91F0-19687EC8E4BB}.Debug|Any CPU.Build.0 = Debug|Any CPU
		{E428B406-5C4A-4FE9-91F0-19687EC8E4BB}.Release|Any CPU.ActiveCfg = Release|Any CPU
		{E428B406-5C4A-4FE9-91F0-19687EC8E4BB}.Release|Any CPU.Build.0 = Release|Any CPU
		{5F7631B8-4B88-4BB7-AE60-AAAF2BCB49F8}.Debug|Any CPU.ActiveCfg = Debug|Any CPU
		{5F7631B8-4B88-4BB7-AE60-AAAF2BCB49F8}.Debug|Any CPU.Build.0 = Debug|Any CPU
		{5F7631B8-4B88-4BB7-AE60-AAAF2BCB49F8}.Release|Any CPU.ActiveCfg = Release|Any CPU
		{5F7631B8-4B88-4BB7-AE60-AAAF2BCB49F8}.Release|Any CPU.Build.0 = Release|Any CPU
		{3B74B03A-ECAB-4C65-8440-FDCC60FD142E}.Debug|Any CPU.ActiveCfg = Debug|Any CPU
		{3B74B03A-ECAB-4C65-8440-FDCC60FD142E}.Debug|Any CPU.Build.0 = Debug|Any CPU
		{3B74B03A-ECAB-4C65-8440-FDCC60FD142E}.Release|Any CPU.ActiveCfg = Release|Any CPU
		{3B74B03A-ECAB-4C65-8440-FDCC60FD142E}.Release|Any CPU.Build.0 = Release|Any CPU
		{506AAD5C-9ABE-43E2-AEA8-6A8C5C6E6639}.Debug|Any CPU.ActiveCfg = Debug|Any CPU
		{506AAD5C-9ABE-43E2-AEA8-6A8C5C6E6639}.Debug|Any CPU.Build.0 = Debug|Any CPU
		{506AAD5C-9ABE-43E2-AEA8-6A8C5C6E6639}.Release|Any CPU.ActiveCfg = Release|Any CPU
		{506AAD5C-9ABE-43E2-AEA8-6A8C5C6E6639}.Release|Any CPU.Build.0 = Release|Any CPU
		{7305A0DD-CB90-445C-8D50-612CC7E2B9AE}.Debug|Any CPU.ActiveCfg = Debug|Any CPU
		{7305A0DD-CB90-445C-8D50-612CC7E2B9AE}.Debug|Any CPU.Build.0 = Debug|Any CPU
		{7305A0DD-CB90-445C-8D50-612CC7E2B9AE}.Release|Any CPU.ActiveCfg = Release|Any CPU
		{7305A0DD-CB90-445C-8D50-612CC7E2B9AE}.Release|Any CPU.Build.0 = Release|Any CPU
		{A76FD445-224C-4623-92B4-6F89D1221AAA}.Debug|Any CPU.ActiveCfg = Debug|Any CPU
		{A76FD445-224C-4623-92B4-6F89D1221AAA}.Debug|Any CPU.Build.0 = Debug|Any CPU
		{A76FD445-224C-4623-92B4-6F89D1221AAA}.Release|Any CPU.ActiveCfg = Release|Any CPU
		{A76FD445-224C-4623-92B4-6F89D1221AAA}.Release|Any CPU.Build.0 = Release|Any CPU
		{29A69EED-F332-4F1B-9086-A5C59F781EED}.Debug|Any CPU.ActiveCfg = Debug|Any CPU
		{29A69EED-F332-4F1B-9086-A5C59F781EED}.Debug|Any CPU.Build.0 = Debug|Any CPU
		{29A69EED-F332-4F1B-9086-A5C59F781EED}.Release|Any CPU.ActiveCfg = Release|Any CPU
		{29A69EED-F332-4F1B-9086-A5C59F781EED}.Release|Any CPU.Build.0 = Release|Any CPU
		{4BB63D9F-0827-4364-87A5-FBD7EE3DC05A}.Debug|Any CPU.ActiveCfg = Debug|Any CPU
		{4BB63D9F-0827-4364-87A5-FBD7EE3DC05A}.Debug|Any CPU.Build.0 = Debug|Any CPU
		{4BB63D9F-0827-4364-87A5-FBD7EE3DC05A}.Release|Any CPU.ActiveCfg = Release|Any CPU
		{4BB63D9F-0827-4364-87A5-FBD7EE3DC05A}.Release|Any CPU.Build.0 = Release|Any CPU
		{F921AF8F-3BE5-4421-9388-1804AB55723F}.Debug|Any CPU.ActiveCfg = Debug|Any CPU
		{F921AF8F-3BE5-4421-9388-1804AB55723F}.Debug|Any CPU.Build.0 = Debug|Any CPU
		{F921AF8F-3BE5-4421-9388-1804AB55723F}.Release|Any CPU.ActiveCfg = Release|Any CPU
		{F921AF8F-3BE5-4421-9388-1804AB55723F}.Release|Any CPU.Build.0 = Release|Any CPU
		{AEB66FF9-D667-4DE7-87E8-AAF5B07DEE9F}.Debug|Any CPU.ActiveCfg = Debug|Any CPU
		{AEB66FF9-D667-4DE7-87E8-AAF5B07DEE9F}.Debug|Any CPU.Build.0 = Debug|Any CPU
		{AEB66FF9-D667-4DE7-87E8-AAF5B07DEE9F}.Release|Any CPU.ActiveCfg = Release|Any CPU
		{AEB66FF9-D667-4DE7-87E8-AAF5B07DEE9F}.Release|Any CPU.Build.0 = Release|Any CPU
		{640ED092-8719-4387-A76B-681248B5A74C}.Debug|Any CPU.ActiveCfg = Debug|Any CPU
		{640ED092-8719-4387-A76B-681248B5A74C}.Debug|Any CPU.Build.0 = Debug|Any CPU
		{640ED092-8719-4387-A76B-681248B5A74C}.Release|Any CPU.ActiveCfg = Release|Any CPU
		{640ED092-8719-4387-A76B-681248B5A74C}.Release|Any CPU.Build.0 = Release|Any CPU
		{4A26F260-71EF-4708-9FB1-7EFA6D05C2EA}.Debug|Any CPU.ActiveCfg = Debug|Any CPU
		{4A26F260-71EF-4708-9FB1-7EFA6D05C2EA}.Debug|Any CPU.Build.0 = Debug|Any CPU
		{4A26F260-71EF-4708-9FB1-7EFA6D05C2EA}.Release|Any CPU.ActiveCfg = Release|Any CPU
		{4A26F260-71EF-4708-9FB1-7EFA6D05C2EA}.Release|Any CPU.Build.0 = Release|Any CPU
		{223DE5A7-BB73-4A3A-803A-85A7AE96DAFC}.Debug|Any CPU.ActiveCfg = Debug|Any CPU
		{223DE5A7-BB73-4A3A-803A-85A7AE96DAFC}.Debug|Any CPU.Build.0 = Debug|Any CPU
		{223DE5A7-BB73-4A3A-803A-85A7AE96DAFC}.Release|Any CPU.ActiveCfg = Release|Any CPU
		{223DE5A7-BB73-4A3A-803A-85A7AE96DAFC}.Release|Any CPU.Build.0 = Release|Any CPU
		{B50224D4-8F0B-44AE-977A-D701889DFCF3}.Debug|Any CPU.ActiveCfg = Debug|Any CPU
		{B50224D4-8F0B-44AE-977A-D701889DFCF3}.Debug|Any CPU.Build.0 = Debug|Any CPU
		{B50224D4-8F0B-44AE-977A-D701889DFCF3}.Release|Any CPU.ActiveCfg = Release|Any CPU
		{B50224D4-8F0B-44AE-977A-D701889DFCF3}.Release|Any CPU.Build.0 = Release|Any CPU
		{2D392DF6-E4D8-4646-A04F-468C29AFCBC3}.Debug|Any CPU.ActiveCfg = Debug|Any CPU
		{2D392DF6-E4D8-4646-A04F-468C29AFCBC3}.Debug|Any CPU.Build.0 = Debug|Any CPU
		{2D392DF6-E4D8-4646-A04F-468C29AFCBC3}.Release|Any CPU.ActiveCfg = Release|Any CPU
		{2D392DF6-E4D8-4646-A04F-468C29AFCBC3}.Release|Any CPU.Build.0 = Release|Any CPU
	EndGlobalSection
	GlobalSection(SolutionProperties) = preSolution
		HideSolutionNode = FALSE
	EndGlobalSection
	GlobalSection(NestedProjects) = preSolution
		{35E1BB15-B997-46AD-BB5B-88396E57C11C} = {F3AA0225-9BFD-43F7-8C87-A68E60E1FDEA}
		{C4DA71C0-332A-4809-B41E-D1F54D078FD4} = {F3AA0225-9BFD-43F7-8C87-A68E60E1FDEA}
		{B8CD4B07-533A-4625-B459-708ABE13A61B} = {F3AA0225-9BFD-43F7-8C87-A68E60E1FDEA}
		{42CE2FBC-F452-4725-8EA1-70FCABF95A00} = {1CD5132E-46E8-4A4C-80AA-D95814E5665C}
		{7A802540-D873-4214-B84D-83AA9D1067F3} = {1CD5132E-46E8-4A4C-80AA-D95814E5665C}
		{9B31CCB3-1633-4F41-9B7D-3608FA639511} = {1CD5132E-46E8-4A4C-80AA-D95814E5665C}
		{09F16328-7EE6-42CE-84FE-87AA420D3A14} = {1A34DCB3-5811-4215-B0D5-8D38DFC449A4}
		{E714154C-A7A9-4AB2-88F6-8B9ABAC198B3} = {1A34DCB3-5811-4215-B0D5-8D38DFC449A4}
		{CCD2472A-36AF-4ABD-AE2B-EF20A0CFDCD0} = {1A34DCB3-5811-4215-B0D5-8D38DFC449A4}
		{E428B406-5C4A-4FE9-91F0-19687EC8E4BB} = {427BA382-3A49-4A30-A484-EA45236E780E}
		{5F7631B8-4B88-4BB7-AE60-AAAF2BCB49F8} = {427BA382-3A49-4A30-A484-EA45236E780E}
		{3B74B03A-ECAB-4C65-8440-FDCC60FD142E} = {427BA382-3A49-4A30-A484-EA45236E780E}
		{506AAD5C-9ABE-43E2-AEA8-6A8C5C6E6639} = {DE14D1DB-0AFD-4BAD-8500-4DBCC236C93E}
		{7305A0DD-CB90-445C-8D50-612CC7E2B9AE} = {DE14D1DB-0AFD-4BAD-8500-4DBCC236C93E}
		{A76FD445-224C-4623-92B4-6F89D1221AAA} = {DE14D1DB-0AFD-4BAD-8500-4DBCC236C93E}
		{29A69EED-F332-4F1B-9086-A5C59F781EED} = {21EE3DC7-912A-4120-91BD-73B3B2E565C4}
		{4BB63D9F-0827-4364-87A5-FBD7EE3DC05A} = {21EE3DC7-912A-4120-91BD-73B3B2E565C4}
		{F921AF8F-3BE5-4421-9388-1804AB55723F} = {21EE3DC7-912A-4120-91BD-73B3B2E565C4}
		{AEB66FF9-D667-4DE7-87E8-AAF5B07DEE9F} = {E8EDCB78-CD22-4E6A-82E7-A2628FE13498}
		{640ED092-8719-4387-A76B-681248B5A74C} = {E8EDCB78-CD22-4E6A-82E7-A2628FE13498}
		{4A26F260-71EF-4708-9FB1-7EFA6D05C2EA} = {E8EDCB78-CD22-4E6A-82E7-A2628FE13498}
		{223DE5A7-BB73-4A3A-803A-85A7AE96DAFC} = {8AFDA8EB-2BCA-4A57-9F9E-024AE36959D7}
		{B50224D4-8F0B-44AE-977A-D701889DFCF3} = {8AFDA8EB-2BCA-4A57-9F9E-024AE36959D7}
		{2D392DF6-E4D8-4646-A04F-468C29AFCBC3} = {8AFDA8EB-2BCA-4A57-9F9E-024AE36959D7}
	EndGlobalSection
	GlobalSection(ExtensibilityGlobals) = postSolution
		SolutionGuid = {DFCAAE95-855F-45D2-BDF2-2C93C75B5C68}
	EndGlobalSection
EndGlobal
