
Microsoft Visual Studio Solution File, Format Version 12.00
# Visual Studio Version 17
VisualStudioVersion = 17.11.35303.130
MinimumVisualStudioVersion = 10.0.40219.1
Project("{2150E333-8FDC-42A3-9474-1A3956D46DE8}") = "Task0", "Task0", "{F3AA0225-9BFD-43F7-8C87-A68E60E1FDEA}"
EndProject
Project("{9A19103F-16F7-4668-BE54-9A1E7A4F7556}") = "Tyuiu.DanilovAS.Sprint4.Task0.V1", "Tyuiu.DanilovAS.Sprint4.Task0.V1\Tyuiu.DanilovAS.Sprint4.Task0.V1.csproj", "{35E1BB15-B997-46AD-BB5B-88396E57C11C}"
EndProject
Project("{9A19103F-16F7-4668-BE54-9A1E7A4F7556}") = "Tyuiu.DanilovAS.Sprint4.Task0.V1.Lib", "Tyuiu.DanilovAS.Sprint4.Task0.V1.Lib\Tyuiu.DanilovAS.Sprint4.Task0.V1.Lib.csproj", "{C4DA71C0-332A-4809-B41E-D1F54D078FD4}"
EndProject
Project("{9A19103F-16F7-4668-BE54-9A1E7A4F7556}") = "Tyuiu.DanilovAS.Sprint4.Task0.V1.Test", "Tyuiu.DanilovAS.Sprint4.Task0.V1.Test\Tyuiu.DanilovAS.Sprint4.Task0.V1.Test.csproj", "{B8CD4B07-533A-4625-B459-708ABE13A61B}"
EndProject
Project("{2150E333-8FDC-42A3-9474-1A3956D46DE8}") = "Task1", "Task1", "{1CD5132E-46E8-4A4C-80AA-D95814E5665C}"
EndProject
Project("{FAE04EC0-301F-11D3-BF4B-00C04F79EFBC}") = "Tyuiu.DanilovAS.Sprint4.Task1.V1", "Tyuiu.DanilovAS.Sprint4.Task1.V1\Tyuiu.DanilovAS.Sprint4.Task1.V1.csproj", "{42CE2FBC-F452-4725-8EA1-70FCABF95A00}"
EndProject
Project("{FAE04EC0-301F-11D3-BF4B-00C04F79EFBC}") = "Tyuiu.DanilovAS.Sprint4.Task1.V1.Lib", "Tyuiu.DanilovAS.Sprint4.Task1.V1.Lib\Tyuiu.DanilovAS.Sprint4.Task1.V1.Lib.csproj", "{7A802540-D873-4214-B84D-83AA9D1067F3}"
EndProject
Project("{FAE04EC0-301F-11D3-BF4B-00C04F79EFBC}") = "Tyuiu.DanilovAS.Sprint4.Task1.V1.Test", "Tyuiu.DanilovAS.Sprint4.Task1.V1.Test\Tyuiu.DanilovAS.Sprint4.Task1.V1.Test.csproj", "{9B31CCB3-1633-4F41-9B7D-3608FA639511}"
EndProject
Global
	GlobalSection(SolutionConfigurationPlatforms) = preSolution
		Debug|Any CPU = Debug|Any CPU
		Release|Any CPU = Release|Any CPU
	EndGlobalSection
	GlobalSection(ProjectConfigurationPlatforms) = postSolution
		{35E1BB15-B997-46AD-BB5B-88396E57C11C}.Debug|Any CPU.ActiveCfg = Debug|Any CPU
		{35E1BB15-B997-46AD-BB5B-88396E57C11C}.Debug|Any CPU.Build.0 = Debug|Any CPU
		{35E1BB15-B997-46AD-BB5B-88396E57C11C}.Release|Any CPU.ActiveCfg = Release|Any CPU
		{35E1BB15-B997-46AD-BB5B-88396E57C11C}.Release|Any CPU.Build.0 = Release|Any CPU
		{C4DA71C0-332A-4809-B41E-D1F54D078FD4}.Debug|Any CPU.ActiveCfg = Debug|Any CPU
		{C4DA71C0-332A-4809-B41E-D1F54D078FD4}.Debug|Any CPU.Build.0 = Debug|Any CPU
		{C4DA71C0-332A-4809-B41E-D1F54D078FD4}.Release|Any CPU.ActiveCfg = Release|Any CPU
		{C4DA71C0-332A-4809-B41E-D1F54D078FD4}.Release|Any CPU.Build.0 = Release|Any CPU
		{B8CD4B07-533A-4625-B459-708ABE13A61B}.Debug|Any CPU.ActiveCfg = Debug|Any CPU
		{B8CD4B07-533A-4625-B459-708ABE13A61B}.Debug|Any CPU.Build.0 = Debug|Any CPU
		{B8CD4B07-533A-4625-B459-708ABE13A61B}.Release|Any CPU.ActiveCfg = Release|Any CPU
		{B8CD4B07-533A-4625-B459-708ABE13A61B}.Release|Any CPU.Build.0 = Release|Any CPU
		{42CE2FBC-F452-4725-8EA1-70FCABF95A00}.Debug|Any CPU.ActiveCfg = Debug|Any CPU
		{42CE2FBC-F452-4725-8EA1-70FCABF95A00}.Debug|Any CPU.Build.0 = Debug|Any CPU
		{42CE2FBC-F452-4725-8EA1-70FCABF95A00}.Release|Any CPU.ActiveCfg = Release|Any CPU
		{42CE2FBC-F452-4725-8EA1-70FCABF95A00}.Release|Any CPU.Build.0 = Release|Any CPU
		{7A802540-D873-4214-B84D-83AA9D1067F3}.Debug|Any CPU.ActiveCfg = Debug|Any CPU
		{7A802540-D873-4214-B84D-83AA9D1067F3}.Debug|Any CPU.Build.0 = Debug|Any CPU
		{7A802540-D873-4214-B84D-83AA9D1067F3}.Release|Any CPU.ActiveCfg = Release|Any CPU
		{7A802540-D873-4214-B84D-83AA9D1067F3}.Release|Any CPU.Build.0 = Release|Any CPU
		{9B31CCB3-1633-4F41-9B7D-3608FA639511}.Debug|Any CPU.ActiveCfg = Debug|Any CPU
		{9B31CCB3-1633-4F41-9B7D-3608FA639511}.Debug|Any CPU.Build.0 = Debug|Any CPU
		{9B31CCB3-1633-4F41-9B7D-3608FA639511}.Release|Any CPU.ActiveCfg = Release|Any CPU
		{9B31CCB3-1633-4F41-9B7D-3608FA639511}.Release|Any CPU.Build.0 = Release|Any CPU
	EndGlobalSection
	GlobalSection(SolutionProperties) = preSolution
		HideSolutionNode = FALSE
	EndGlobalSection
	GlobalSection(NestedProjects) = preSolution
		{35E1BB15-B997-46AD-BB5B-88396E57C11C} = {F3AA0225-9BFD-43F7-8C87-A68E60E1FDEA}
		{C4DA71C0-332A-4809-B41E-D1F54D078FD4} = {F3AA0225-9BFD-43F7-8C87-A68E60E1FDEA}
		{B8CD4B07-533A-4625-B459-708ABE13A61B} = {F3AA0225-9BFD-43F7-8C87-A68E60E1FDEA}
		{42CE2FBC-F452-4725-8EA1-70FCABF95A00} = {1CD5132E-46E8-4A4C-80AA-D95814E5665C}
		{7A802540-D873-4214-B84D-83AA9D1067F3} = {1CD5132E-46E8-4A4C-80AA-D95814E5665C}
		{9B31CCB3-1633-4F41-9B7D-3608FA639511} = {1CD5132E-46E8-4A4C-80AA-D95814E5665C}
	EndGlobalSection
	GlobalSection(ExtensibilityGlobals) = postSolution
		SolutionGuid = {DFCAAE95-855F-45D2-BDF2-2C93C75B5C68}
	EndGlobalSection
EndGlobal
